
Microsoft Visual Studio Solution File, Format Version 12.00
# Visual Studio Version 16
VisualStudioVersion = 16.0.32428.217
MinimumVisualStudioVersion = 10.0.40219.1
Project("{FAE04EC0-301F-11D3-BF4B-00C04F79EFBC}") = "RockPaperScissors_", "RockPaperScissors_.csproj", "{798C0B5C-70EC-488C-A7D8-C519D324058A}"
EndProject
Global
	GlobalSection(SolutionConfigurationPlatforms) = preSolution
		Debug|Any CPU = Debug|Any CPU
		Release|Any CPU = Release|Any CPU
	EndGlobalSection
	GlobalSection(ProjectConfigurationPlatforms) = postSolution
		{798C0B5C-70EC-488C-A7D8-C519D324058A}.Debug|Any CPU.ActiveCfg = Debug|Any CPU
		{798C0B5C-70EC-488C-A7D8-C519D324058A}.Debug|Any CPU.Build.0 = Debug|Any CPU
		{798C0B5C-70EC-488C-A7D8-C519D324058A}.Release|Any CPU.ActiveCfg = Release|Any CPU
		{798C0B5C-70EC-488C-A7D8-C519D324058A}.Release|Any CPU.Build.0 = Release|Any CPU
	EndGlobalSection
	GlobalSection(SolutionProperties) = preSolution
		HideSolutionNode = FALSE
	EndGlobalSection
	GlobalSection(ExtensibilityGlobals) = postSolution
		SolutionGuid = {C5770FF6-35DC-470F-B21D-008CB4EBFF69}
	EndGlobalSection
EndGlobal
